PODS:
  - AFNetworking (2.5.0):
    - AFNetworking/NSURLConnection (= 2.5.0)
    - AFNetworking/NSURLSession (= 2.5.0)
    - AFNetworking/Reachability (= 2.5.0)
    - AFNetworking/Security (= 2.5.0)
    - AFNetworking/Serialization (= 2.5.0)
    - AFNetworking/UIKit (= 2.5.0)
  - AFNetworking/NSURLConnection (2.5.0):
    - AFNetworking/Reachability
    - AFNetworking/Security
    - AFNetworking/Serialization
  - AFNetworking/NSURLSession (2.5.0):
    - AFNetworking/Reachability
    - AFNetworking/Security
    - AFNetworking/Serialization
  - AFNetworking/Reachability (2.5.0)
  - AFNetworking/Security (2.5.0)
  - AFNetworking/Serialization (2.5.0)
  - AFNetworking/UIKit (2.5.0):
    - AFNetworking/NSURLConnection
    - AFNetworking/NSURLSession
  - CWStatusBarNotification (2.2.2)
  - Fingertips (0.3.0)
  - MBProgressHUD (0.9)
  - MSDynamicsDrawerViewController (1.5.1)

DEPENDENCIES:
  - AFNetworking (~> 2.4)
  - CWStatusBarNotification
  - Fingertips (~> 0.3)
  - MBProgressHUD (~> 0.8)
  - MSDynamicsDrawerViewController

SPEC CHECKSUMS:
  AFNetworking: 0f54cb5d16ce38c1b76948faffb8d5fb705021c7
  CWStatusBarNotification: 7e43716355830c26124eae9b91c4434dfa2a6a73
  Fingertips: 09d223a390349b317a51d4c941d778bdb661c4e1
  MBProgressHUD: 2038dbcf3dce73215abed6001657043d53aa79a8
  MSDynamicsDrawerViewController: 0002059480a4b5ddde7eafbafb958a79a9b0ffaf

COCOAPODS: 0.35.0
